Microsoft Visual Studio Solution File, Format Version 12.00
# Visual Studio for Mac
Project("{FAE04EC0-301F-11D3-BF4B-00C04F79EFBC}") = "ARPainting", "ARPainting.csproj", "{C9BF3581-36FA-3A62-7363-1F111A2F1892}"
EndProject
Project("{FAE04EC0-301F-11D3-BF4B-00C04F79EFBC}") = "ARPainting.Editor", "ARPainting.Editor.csproj", "{87AB2F9F-6060-87E5-D0DC-58C62EFFA5F5}"
EndProject
Global
	GlobalSection(SolutionConfigurationPlatforms) = preSolution
		Debug|Any CPU = Debug|Any CPU
		Release|Any CPU = Release|Any CPU
	EndGlobalSection
	GlobalSection(ProjectConfigurationPlatforms) = postSolution
		{C9BF3581-36FA-3A62-7363-1F111A2F1892}.Debug|Any CPU.ActiveCfg = Debug|Any CPU
		{C9BF3581-36FA-3A62-7363-1F111A2F1892}.Debug|Any CPU.Build.0 = Debug|Any CPU
		{C9BF3581-36FA-3A62-7363-1F111A2F1892}.Release|Any CPU.ActiveCfg = Release|Any CPU
		{C9BF3581-36FA-3A62-7363-1F111A2F1892}.Release|Any CPU.Build.0 = Release|Any CPU
		{87AB2F9F-6060-87E5-D0DC-58C62EFFA5F5}.Debug|Any CPU.ActiveCfg = Debug|Any CPU
		{87AB2F9F-6060-87E5-D0DC-58C62EFFA5F5}.Debug|Any CPU.Build.0 = Debug|Any CPU
		{87AB2F9F-6060-87E5-D0DC-58C62EFFA5F5}.Release|Any CPU.ActiveCfg = Release|Any CPU
		{87AB2F9F-6060-87E5-D0DC-58C62EFFA5F5}.Release|Any CPU.Build.0 = Release|Any CPU
	EndGlobalSection
EndGlobal
